{
  "object": {
    "pins": [
      {
        "package": "ViewInspector",
        "repositoryURL": "https://github.com/nalexn/ViewInspector",
        "state": {
          "branch": null,
          "revision": "82f5f29b0ddb3b7c2a1b9be366bfe4638ade3302",
          "version": "0.7.3"
        }
      }
    ]
  },
  "version": 1
}
