// !$*UTF8*$!
{
	archiveVersion = 1;
	classes = {
	};
	objectVersion = 52;
	objects = {

/* Begin PBXBuildFile section */
		678D776123F1686900C40CCF /* BarcodeView in Frameworks */ = {isa = PBXBuildFile; productRef = 678D776023F1686900C40CCF /* BarcodeView */; };
		E75674E3235A393D00B2218A /* AppDelegate.swift in Sources */ = {isa = PBXBuildFile; fileRef = E75674E2235A393D00B2218A /* AppDelegate.swift */; };
		E75674E5235A393D00B2218A /* SceneDelegate.swift in Sources */ = {isa = PBXBuildFile; fileRef = E75674E4235A393D00B2218A /* SceneDelegate.swift */; };
		E75674E7235A393D00B2218A /* ContentView.swift in Sources */ = {isa = PBXBuildFile; fileRef = E75674E6235A393D00B2218A /* ContentView.swift */; };
		E75674E9235A393E00B2218A /* Assets.xcassets in Resources */ = {isa = PBXBuildFile; fileRef = E75674E8235A393E00B2218A /* Assets.xcassets */; };
		E75674EC235A393E00B2218A /* Preview Assets.xcassets in Resources */ = {isa = PBXBuildFile; fileRef = E75674EB235A393E00B2218A /* Preview Assets.xcassets */; };
		E75674EF235A393E00B2218A /* LaunchScreen.storyboard in Resources */ = {isa = PBXBuildFile; fileRef = E75674ED235A393E00B2218A /* LaunchScreen.storyboard */; };
/* End PBXBuildFile section */

/* Begin PBXFileReference section */
		6772D5B623E9D243005DFA1E /* upcprinter */ = {isa = PBXFileReference; lastKnownFileType = folder; name = upcprinter; path = ..; sourceTree = "<group>"; };
		67B265AB236DE8630022E5CE /* UPCTestApp.entitlements */ = {isa = PBXFileReference; lastKnownFileType = text.plist.entitlements; path = UPCTestApp.entitlements; sourceTree = "<group>"; };
		E75674DF235A393D00B2218A /* UPCTestApp.app */ = {isa = PBXFileReference; explicitFileType = wrapper.application; includeInIndex = 0; path = UPCTestApp.app; sourceTree = BUILT_PRODUCTS_DIR; };
		E75674E2235A393D00B2218A /* AppDelegate.swift */ = {isa = PBXFileReference; lastKnownFileType = sourcecode.swift; path = AppDelegate.swift; sourceTree = "<group>"; };
		E75674E4235A393D00B2218A /* SceneDelegate.swift */ = {isa = PBXFileReference; lastKnownFileType = sourcecode.swift; path = SceneDelegate.swift; sourceTree = "<group>"; };
		E75674E6235A393D00B2218A /* ContentView.swift */ = {isa = PBXFileReference; lastKnownFileType = sourcecode.swift; path = ContentView.swift; sourceTree = "<group>"; };
		E75674E8235A393E00B2218A /* Assets.xcassets */ = {isa = PBXFileReference; lastKnownFileType = folder.assetcatalog; path = Assets.xcassets; sourceTree = "<group>"; };
		E75674EB235A393E00B2218A /* Preview Assets.xcassets */ = {isa = PBXFileReference; lastKnownFileType = folder.assetcatalog; path = "Preview Assets.xcassets"; sourceTree = "<group>"; };
		E75674EE235A393E00B2218A /* Base */ = {isa = PBXFileReference; lastKnownFileType = file.storyboard; name = Base; path = Base.lproj/LaunchScreen.storyboard; sourceTree = "<group>"; };
		E75674F0235A393E00B2218A /* Info.plist */ = {isa = PBXFileReference; lastKnownFileType = text.plist.xml; path = Info.plist; sourceTree = "<group>"; };
/* End PBXFileReference section */

/* Begin PBXFrameworksBuildPhase section */
		E75674DC235A393D00B2218A /* Frameworks */ = {
			isa = PBXFrameworksBuildPhase;
			buildActionMask = 2147483647;
			files = (
				678D776123F1686900C40CCF /* BarcodeView in Frameworks */,
			);
			runOnlyForDeploymentPostprocessing = 0;
		};
/* End PBXFrameworksBuildPhase section */

/* Begin PBXGroup section */
		E75674D6235A393D00B2218A = {
			isa = PBXGroup;
			children = (
				6772D5B623E9D243005DFA1E /* upcprinter */,
				E75674E1235A393D00B2218A /* UPCTestApp */,
				E75674E0235A393D00B2218A /* Products */,
				E75674F7235A396800B2218A /* Frameworks */,
			);
			sourceTree = "<group>";
		};
		E75674E0235A393D00B2218A /* Products */ = {
			isa = PBXGroup;
			children = (
				E75674DF235A393D00B2218A /* UPCTestApp.app */,
			);
			name = Products;
			sourceTree = "<group>";
		};
		E75674E1235A393D00B2218A /* UPCTestApp */ = {
			isa = PBXGroup;
			children = (
				67B265AB236DE8630022E5CE /* UPCTestApp.entitlements */,
				E75674E2235A393D00B2218A /* AppDelegate.swift */,
				E75674E4235A393D00B2218A /* SceneDelegate.swift */,
				E75674E6235A393D00B2218A /* ContentView.swift */,
				E75674E8235A393E00B2218A /* Assets.xcassets */,
				E75674ED235A393E00B2218A /* LaunchScreen.storyboard */,
				E75674F0235A393E00B2218A /* Info.plist */,
				E75674EA235A393E00B2218A /* Preview Content */,
			);
			path = UPCTestApp;
			sourceTree = "<group>";
		};
		E75674EA235A393E00B2218A /* Preview Content */ = {
			isa = PBXGroup;
			children = (
				E75674EB235A393E00B2218A /* Preview Assets.xcassets */,
			);
			path = "Preview Content";
			sourceTree = "<group>";
		};
		E75674F7235A396800B2218A /* Frameworks */ = {
			isa = PBXGroup;
			children = (
			);
			name = Frameworks;
			sourceTree = "<group>";
		};
/* End PBXGroup section */

/* Begin PBXNativeTarget section */
		E75674DE235A393D00B2218A /* UPCTestApp */ = {
			isa = PBXNativeTarget;
			buildConfigurationList = E75674F3235A393E00B2218A /* Build configuration list for PBXNativeTarget "UPCTestApp" */;
			buildPhases = (
				E75674DB235A393D00B2218A /* Sources */,
				E75674DC235A393D00B2218A /* Frameworks */,
				E75674DD235A393D00B2218A /* Resources */,
			);
			buildRules = (
			);
			dependencies = (
			);
			name = UPCTestApp;
			packageProductDependencies = (
				678D776023F1686900C40CCF /* BarcodeView */,
			);
			productName = UPCTestApp;
			productReference = E75674DF235A393D00B2218A /* UPCTestApp.app */;
			productType = "com.apple.product-type.application";
		};
/* End PBXNativeTarget section */

/* Begin PBXProject section */
		E75674D7235A393D00B2218A /* Project object */ = {
			isa = PBXProject;
			attributes = {
				LastSwiftUpdateCheck = 1100;
				LastUpgradeCheck = 1100;
				ORGANIZATIONNAME = "Nate Rivard";
				TargetAttributes = {
					E75674DE235A393D00B2218A = {
						CreatedOnToolsVersion = 11.0;
					};
				};
			};
			buildConfigurationList = E75674DA235A393D00B2218A /* Build configuration list for PBXProject "UPCTestApp" */;
			compatibilityVersion = "Xcode 9.3";
			developmentRegion = en;
			hasScannedForEncodings = 0;
			knownRegions = (
				en,
				Base,
			);
			mainGroup = E75674D6235A393D00B2218A;
			productRefGroup = E75674E0235A393D00B2218A /* Products */;
			projectDirPath = "";
			projectRoot = "";
			targets = (
				E75674DE235A393D00B2218A /* UPCTestApp */,
			);
		};
/* End PBXProject section */

/* Begin PBXResourcesBuildPhase section */
		E75674DD235A393D00B2218A /* Resources */ = {
			isa = PBXResourcesBuildPhase;
			buildActionMask = 2147483647;
			files = (
				E75674EF235A393E00B2218A /* LaunchScreen.storyboard in Resources */,
				E75674EC235A393E00B2218A /* Preview Assets.xcassets in Resources */,
				E75674E9235A393E00B2218A /* Assets.xcassets in Resources */,
			);
			runOnlyForDeploymentPostprocessing = 0;
		};
/* End PBXResourcesBuildPhase section */

/* Begin PBXSourcesBuildPhase section */
		E75674DB235A393D00B2218A /* Sources */ = {
			isa = PBXSourcesBuildPhase;
			buildActionMask = 2147483647;
			files = (
				E75674E3235A393D00B2218A /* AppDelegate.swift in Sources */,
				E75674E5235A393D00B2218A /* SceneDelegate.swift in Sources */,
				E75674E7235A393D00B2218A /* ContentView.swift in Sources */,
			);
			runOnlyForDeploymentPostprocessing = 0;
		};
/* End PBXSourcesBuildPhase section */

/* Begin PBXVariantGroup section */
		E75674ED235A393E00B2218A /* LaunchScreen.storyboard */ = {
			isa = PBXVariantGroup;
			children = (
				E75674EE235A393E00B2218A /* Base */,
			);
			name = LaunchScreen.storyboard;
			sourceTree = "<group>";
		};
/* End PBXVariantGroup section */

/* Begin XCBuildConfiguration section */
		E75674F1235A393E00B2218A /* Debug */ = {
			isa = XCBuildConfiguration;
			buildSettings = {
				ALWAYS_SEARCH_USER_PATHS = NO;
				CLANG_ANALYZER_NONNULL = YES;
				CLANG_ANALYZER_NUMBER_OBJECT_CONVERSION = YES_AGGRESSIVE;
				CLANG_CXX_LANGUAGE_STANDARD = "gnu++14";
				CLANG_CXX_LIBRARY = "libc++";
				CLANG_ENABLE_MODULES = YES;
				CLANG_ENABLE_OBJC_ARC = YES;
				CLANG_ENABLE_OBJC_WEAK = YES;
				CLANG_WARN_BLOCK_CAPTURE_AUTORELEASING = YES;
				CLANG_WARN_BOOL_CONVERSION = YES;
				CLANG_WARN_COMMA = YES;
				CLANG_WARN_CONSTANT_CONVERSION = YES;
				CLANG_WARN_DEPRECATED_OBJC_IMPLEMENTATIONS = YES;
				CLANG_WARN_DIRECT_OBJC_ISA_USAGE = YES_ERROR;
				CLANG_WARN_DOCUMENTATION_COMMENTS = YES;
				CLANG_WARN_EMPTY_BODY = YES;
				CLANG_WARN_ENUM_CONVERSION = YES;
				CLANG_WARN_INFINITE_RECURSION = YES;
				CLANG_WARN_INT_CONVERSION = YES;
				CLANG_WARN_NON_LITERAL_NULL_CONVERSION = YES;
				CLANG_WARN_OBJC_IMPLICIT_RETAIN_SELF = YES;
				CLANG_WARN_OBJC_LITERAL_CONVERSION = YES;
				CLANG_WARN_OBJC_ROOT_CLASS = YES_ERROR;
				CLANG_WARN_RANGE_LOOP_ANALYSIS = YES;
				CLANG_WARN_STRICT_PROTOTYPES = YES;
				CLANG_WARN_SUSPICIOUS_MOVE = YES;
				CLANG_WARN_UNGUARDED_AVAILABILITY = YES_AGGRESSIVE;
				CLANG_WARN_UNREACHABLE_CODE = YES;
				CLANG_WARN__DUPLICATE_METHOD_MATCH = YES;
				COPY_PHASE_STRIP = NO;
				DEBUG_INFORMATION_FORMAT = dwarf;
				ENABLE_STRICT_OBJC_MSGSEND = YES;
				ENABLE_TESTABILITY = YES;
				GCC_C_LANGUAGE_STANDARD = gnu11;
				GCC_DYNAMIC_NO_PIC = NO;
				GCC_NO_COMMON_BLOCKS = YES;
				GCC_OPTIMIZATION_LEVEL = 0;
				GCC_PREPROCESSOR_DEFINITIONS = (
					"DEBUG=1",
					"$(inherited)",
				);
				GCC_WARN_64_TO_32_BIT_CONVERSION = YES;
				GCC_WARN_ABOUT_RETURN_TYPE = YES_ERROR;
				GCC_WARN_UNDECLARED_SELECTOR = YES;
				GCC_WARN_UNINITIALIZED_AUTOS = YES_AGGRESSIVE;
				GCC_WARN_UNUSED_FUNCTION = YES;
				GCC_WARN_UNUSED_VARIABLE = YES;
				IPHONEOS_DEPLOYMENT_TARGET = 13.0;
				MTL_ENABLE_DEBUG_INFO = INCLUDE_SOURCE;
				MTL_FAST_MATH = YES;
				ONLY_ACTIVE_ARCH = YES;
				SDKROOT = iphoneos;
				SWIFT_ACTIVE_COMPILATION_CONDITIONS = DEBUG;
				SWIFT_OPTIMIZATION_LEVEL = "-Onone";
			};
			name = Debug;
		};
		E75674F2235A393E00B2218A /* Release */ = {
			isa = XCBuildConfiguration;
			buildSettings = {
				ALWAYS_SEARCH_USER_PATHS = NO;
				CLANG_ANALYZER_NONNULL = YES;
				CLANG_ANALYZER_NUMBER_OBJECT_CONVERSION = YES_AGGRESSIVE;
				CLANG_CXX_LANGUAGE_STANDARD = "gnu++14";
				CLANG_CXX_LIBRARY = "libc++";
				CLANG_ENABLE_MODULES = YES;
				CLANG_ENABLE_OBJC_ARC = YES;
				CLANG_ENABLE_OBJC_WEAK = YES;
				CLANG_WARN_BLOCK_CAPTURE_AUTORELEASING = YES;
				CLANG_WARN_BOOL_CONVERSION = YES;
				CLANG_WARN_COMMA = YES;
				CLANG_WARN_CONSTANT_CONVERSION = YES;
				CLANG_WARN_DEPRECATED_OBJC_IMPLEMENTATIONS = YES;
				CLANG_WARN_DIRECT_OBJC_ISA_USAGE = YES_ERROR;
				CLANG_WARN_DOCUMENTATION_COMMENTS = YES;
				CLANG_WARN_EMPTY_BODY = YES;
				CLANG_WARN_ENUM_CONVERSION = YES;
				CLANG_WARN_INFINITE_RECURSION = YES;
				CLANG_WARN_INT_CONVERSION = YES;
				CLANG_WARN_NON_LITERAL_NULL_CONVERSION = YES;
				CLANG_WARN_OBJC_IMPLICIT_RETAIN_SELF = YES;
				CLANG_WARN_OBJC_LITERAL_CONVERSION = YES;
				CLANG_WARN_OBJC_ROOT_CLASS = YES_ERROR;
				CLANG_WARN_RANGE_LOOP_ANALYSIS = YES;
				CLANG_WARN_STRICT_PROTOTYPES = YES;
				CLANG_WARN_SUSPICIOUS_MOVE = YES;
				CLANG_WARN_UNGUARDED_AVAILABILITY = YES_AGGRESSIVE;
				CLANG_WARN_UNREACHABLE_CODE = YES;
				CLANG_WARN__DUPLICATE_METHOD_MATCH = YES;
				COPY_PHASE_STRIP = NO;
				DEBUG_INFORMATION_FORMAT = "dwarf-with-dsym";
				ENABLE_NS_ASSERTIONS = NO;
				ENABLE_STRICT_OBJC_MSGSEND = YES;
				GCC_C_LANGUAGE_STANDARD = gnu11;
				GCC_NO_COMMON_BLOCKS = YES;
				GCC_WARN_64_TO_32_BIT_CONVERSION = YES;
				GCC_WARN_ABOUT_RETURN_TYPE = YES_ERROR;
				GCC_WARN_UNDECLARED_SELECTOR = YES;
				GCC_WARN_UNINITIALIZED_AUTOS = YES_AGGRESSIVE;
				GCC_WARN_UNUSED_FUNCTION = YES;
				GCC_WARN_UNUSED_VARIABLE = YES;
				IPHONEOS_DEPLOYMENT_TARGET = 13.0;
				MTL_ENABLE_DEBUG_INFO = NO;
				MTL_FAST_MATH = YES;
				SDKROOT = iphoneos;
				SWIFT_COMPILATION_MODE = wholemodule;
				SWIFT_OPTIMIZATION_LEVEL = "-O";
				VALIDATE_PRODUCT = YES;
			};
			name = Release;
		};
		E75674F4235A393E00B2218A /* Debug */ = {
			isa = XCBuildConfiguration;
			buildSettings = {
				ASSETCATALOG_COMPILER_APPICON_NAME = AppIcon;
				CODE_SIGN_ENTITLEMENTS = UPCTestApp/UPCTestApp.entitlements;
				CODE_SIGN_STYLE = Automatic;
				DERIVE_MACCATALYST_PRODUCT_BUNDLE_IDENTIFIER = YES;
				DEVELOPMENT_ASSET_PATHS = "\"UPCTestApp/Preview Content\"";
				DEVELOPMENT_TEAM = ZL7L5KH6AL;
				ENABLE_PREVIEWS = YES;
				INFOPLIST_FILE = UPCTestApp/Info.plist;
				LD_RUNPATH_SEARCH_PATHS = (
					"$(inherited)",
					"@executable_path/Frameworks",
				);
				PRODUCT_BUNDLE_IDENTIFIER = com.naterivard.UPCTestApp;
				PRODUCT_NAME = "$(TARGET_NAME)";
				SUPPORTS_MACCATALYST = YES;
				SWIFT_VERSION = 5.0;
				TARGETED_DEVICE_FAMILY = "1,2";
			};
			name = Debug;
		};
		E75674F5235A393E00B2218A /* Release */ = {
			isa = XCBuildConfiguration;
			buildSettings = {
				ASSETCATALOG_COMPILER_APPICON_NAME = AppIcon;
				CODE_SIGN_ENTITLEMENTS = UPCTestApp/UPCTestApp.entitlements;
				CODE_SIGN_STYLE = Automatic;
				DERIVE_MACCATALYST_PRODUCT_BUNDLE_IDENTIFIER = YES;
				DEVELOPMENT_ASSET_PATHS = "\"UPCTestApp/Preview Content\"";
				DEVELOPMENT_TEAM = ZL7L5KH6AL;
				ENABLE_PREVIEWS = YES;
				INFOPLIST_FILE = UPCTestApp/Info.plist;
				LD_RUNPATH_SEARCH_PATHS = (
					"$(inherited)",
					"@executable_path/Frameworks",
				);
				PRODUCT_BUNDLE_IDENTIFIER = com.naterivard.UPCTestApp;
				PRODUCT_NAME = "$(TARGET_NAME)";
				SUPPORTS_MACCATALYST = YES;
				SWIFT_VERSION = 5.0;
				TARGETED_DEVICE_FAMILY = "1,2";
			};
			name = Release;
		};
/* End XCBuildConfiguration section */

/* Begin XCConfigurationList section */
		E75674DA235A393D00B2218A /* Build configuration list for PBXProject "UPCTestApp" */ = {
			isa = XCConfigurationList;
			buildConfigurations = (
				E75674F1235A393E00B2218A /* Debug */,
				E75674F2235A393E00B2218A /* Release */,
			);
			defaultConfigurationIsVisible = 0;
			defaultConfigurationName = Release;
		};
		E75674F3235A393E00B2218A /* Build configuration list for PBXNativeTarget "UPCTestApp" */ = {
			isa = XCConfigurationList;
			buildConfigurations = (
				E75674F4235A393E00B2218A /* Debug */,
				E75674F5235A393E00B2218A /* Release */,
			);
			defaultConfigurationIsVisible = 0;
			defaultConfigurationName = Release;
		};
/* End XCConfigurationList section */

/* Begin XCSwiftPackageProductDependency section */
		678D776023F1686900C40CCF /* BarcodeView */ = {
			isa = XCSwiftPackageProductDependency;
			productName = BarcodeView;
		};
/* End XCSwiftPackageProductDependency section */
	};
	rootObject = E75674D7235A393D00B2218A /* Project object */;
}
