{
  "object": {
    "pins": [
      {
        "package": "ViewInspector",
        "repositoryURL": "https://github.com/nalexn/ViewInspector",
        "state": {
          "branch": null,
          "revision": "a94415261933fe68477f38f41822c1c62e3f5d28",
          "version": "0.3.7"
        }
      }
    ]
  },
  "version": 1
}
